
Microsoft Visual Studio Solution File, Format Version 12.00
# Visual Studio Version 17
VisualStudioVersion = 17.14.36109.1 d17.14
MinimumVisualStudioVersion = 10.0.40219.1
Project("{FAE04EC0-301F-11D3-BF4B-00C04F79EFBC}") = "GMTWEB", "GMTWEB\GMTWEB.csproj", "{EFD2925A-D717-40C0-BEF4-EEEBA5AC3D69}"
EndProject
Global
	GlobalSection(SolutionConfigurationPlatforms) = preSolution
		Debug|Any CPU = Debug|Any CPU
		Release|Any CPU = Release|Any CPU
	EndGlobalSection
	GlobalSection(ProjectConfigurationPlatforms) = postSolution
		{EFD2925A-D717-40C0-BEF4-EEEBA5AC3D69}.Debug|Any CPU.ActiveCfg = Debug|Any CPU
		{EFD2925A-D717-40C0-BEF4-EEEBA5AC3D69}.Debug|Any CPU.Build.0 = Debug|Any CPU
		{EFD2925A-D717-40C0-BEF4-EEEBA5AC3D69}.Release|Any CPU.ActiveCfg = Release|Any CPU
		{EFD2925A-D717-40C0-BEF4-EEEBA5AC3D69}.Release|Any CPU.Build.0 = Release|Any CPU
	EndGlobalSection
	GlobalSection(SolutionProperties) = preSolution
		HideSolutionNode = FALSE
	EndGlobalSection
	GlobalSection(ExtensibilityGlobals) = postSolution
		SolutionGuid = {F0AB31E9-F14E-493F-AE82-DC7ECB07B2B0}
	EndGlobalSection
EndGlobal
